
Microsoft Visual Studio Solution File, Format Version 12.00
# Visual Studio Version 16
VisualStudioVersion = 16.0.28917.181
MinimumVisualStudioVersion = 10.0.40219.1
Project("{FAE04EC0-301F-11D3-BF4B-00C04F79EFBC}") = "DocumentClassification", "DocumentClassification\DocumentClassification.csproj", "{A6BC3825-E08A-4EFD-9A9A-AD4FE6A5C129}"
EndProject
Global
	GlobalSection(SolutionConfigurationPlatforms) = preSolution
		Debug|Any CPU = Debug|Any CPU
		Release|Any CPU = Release|Any CPU
	EndGlobalSection
	GlobalSection(ProjectConfigurationPlatforms) = postSolution
		{A6BC3825-E08A-4EFD-9A9A-AD4FE6A5C129}.Debug|Any CPU.ActiveCfg = Debug|Any CPU
		{A6BC3825-E08A-4EFD-9A9A-AD4FE6A5C129}.Debug|Any CPU.Build.0 = Debug|Any CPU
		{A6BC3825-E08A-4EFD-9A9A-AD4FE6A5C129}.Release|Any CPU.ActiveCfg = Release|Any CPU
		{A6BC3825-E08A-4EFD-9A9A-AD4FE6A5C129}.Release|Any CPU.Build.0 = Release|Any CPU
	EndGlobalSection
	GlobalSection(SolutionProperties) = preSolution
		HideSolutionNode = FALSE
	EndGlobalSection
	GlobalSection(ExtensibilityGlobals) = postSolution
		SolutionGuid = {D28B33D8-3A9C-4914-A263-120CB0506793}
	EndGlobalSection
EndGlobal
